
Microsoft Visual Studio Solution File, Format Version 12.00
# Visual Studio 15
VisualStudioVersion = 15.0.26730.12
MinimumVisualStudioVersion = 10.0.40219.1
Project("{FAE04EC0-301F-11D3-BF4B-00C04F79EFBC}") = "SensorView.FormsApp.Android", "SensorView.FormsApp\SensorView.FormsApp.Android\SensorView.FormsApp.Android.csproj", "{C4E1D944-6B6B-46DA-89A6-5E7F74C0888F}"
EndProject
Project("{FAE04EC0-301F-11D3-BF4B-00C04F79EFBC}") = "SensorView.FormsApp", "SensorView.FormsApp\SensorView.FormsApp\SensorView.FormsApp.csproj", "{4EE5B449-1D58-4364-BB99-06A8D8605B3C}"
EndProject
Project("{FAE04EC0-301F-11D3-BF4B-00C04F79EFBC}") = "SensorView.FormsApp.iOS", "SensorView.FormsApp\SensorView.FormsApp.iOS\SensorView.FormsApp.iOS.csproj", "{C62315D5-C82E-49CB-8D2F-1A9E5FB779A1}"
EndProject
Global
	GlobalSection(SolutionConfigurationPlatforms) = preSolution
		Ad-Hoc|Any CPU = Ad-Hoc|Any CPU
		Ad-Hoc|iPhone = Ad-Hoc|iPhone
		Ad-Hoc|iPhoneSimulator = Ad-Hoc|iPhoneSimulator
		AppStore|Any CPU = AppStore|Any CPU
		AppStore|iPhone = AppStore|iPhone
		AppStore|iPhoneSimulator = AppStore|iPhoneSimulator
		Debug|Any CPU = Debug|Any CPU
		Debug|iPhone = Debug|iPhone
		Debug|iPhoneSimulator = Debug|iPhoneSimulator
		Release|Any CPU = Release|Any CPU
		Release|iPhone = Release|iPhone
		Release|iPhoneSimulator = Release|iPhoneSimulator
	EndGlobalSection
	GlobalSection(ProjectConfigurationPlatforms) = postSolution
		{C4E1D944-6B6B-46DA-89A6-5E7F74C0888F}.Ad-Hoc|Any CPU.ActiveCfg = Release|Any CPU
		{C4E1D944-6B6B-46DA-89A6-5E7F74C0888F}.Ad-Hoc|Any CPU.Build.0 = Release|Any CPU
		{C4E1D944-6B6B-46DA-89A6-5E7F74C0888F}.Ad-Hoc|Any CPU.Deploy.0 = Release|Any CPU
		{C4E1D944-6B6B-46DA-89A6-5E7F74C0888F}.Ad-Hoc|iPhone.ActiveCfg = Release|Any CPU
		{C4E1D944-6B6B-46DA-89A6-5E7F74C0888F}.Ad-Hoc|iPhone.Build.0 = Release|Any CPU
		{C4E1D944-6B6B-46DA-89A6-5E7F74C0888F}.Ad-Hoc|iPhone.Deploy.0 = Release|Any CPU
		{C4E1D944-6B6B-46DA-89A6-5E7F74C0888F}.Ad-Hoc|iPhoneSimulator.ActiveCfg = Release|Any CPU
		{C4E1D944-6B6B-46DA-89A6-5E7F74C0888F}.Ad-Hoc|iPhoneSimulator.Build.0 = Release|Any CPU
		{C4E1D944-6B6B-46DA-89A6-5E7F74C0888F}.Ad-Hoc|iPhoneSimulator.Deploy.0 = Release|Any CPU
		{C4E1D944-6B6B-46DA-89A6-5E7F74C0888F}.AppStore|Any CPU.ActiveCfg = Release|Any CPU
		{C4E1D944-6B6B-46DA-89A6-5E7F74C0888F}.AppStore|Any CPU.Build.0 = Release|Any CPU
		{C4E1D944-6B6B-46DA-89A6-5E7F74C0888F}.AppStore|Any CPU.Deploy.0 = Release|Any CPU
		{C4E1D944-6B6B-46DA-89A6-5E7F74C0888F}.AppStore|iPhone.ActiveCfg = Release|Any CPU
		{C4E1D944-6B6B-46DA-89A6-5E7F74C0888F}.AppStore|iPhone.Build.0 = Release|Any CPU
		{C4E1D944-6B6B-46DA-89A6-5E7F74C0888F}.AppStore|iPhone.Deploy.0 = Release|Any CPU
		{C4E1D944-6B6B-46DA-89A6-5E7F74C0888F}.AppStore|iPhoneSimulator.ActiveCfg = Release|Any CPU
		{C4E1D944-6B6B-46DA-89A6-5E7F74C0888F}.AppStore|iPhoneSimulator.Build.0 = Release|Any CPU
		{C4E1D944-6B6B-46DA-89A6-5E7F74C0888F}.AppStore|iPhoneSimulator.Deploy.0 = Release|Any CPU
		{C4E1D944-6B6B-46DA-89A6-5E7F74C0888F}.Debug|Any CPU.ActiveCfg = Debug|Any CPU
		{C4E1D944-6B6B-46DA-89A6-5E7F74C0888F}.Debug|Any CPU.Build.0 = Debug|Any CPU
		{C4E1D944-6B6B-46DA-89A6-5E7F74C0888F}.Debug|Any CPU.Deploy.0 = Debug|Any CPU
		{C4E1D944-6B6B-46DA-89A6-5E7F74C0888F}.Debug|iPhone.ActiveCfg = Debug|Any CPU
		{C4E1D944-6B6B-46DA-89A6-5E7F74C0888F}.Debug|iPhone.Build.0 = Debug|Any CPU
		{C4E1D944-6B6B-46DA-89A6-5E7F74C0888F}.Debug|iPhone.Deploy.0 = Debug|Any CPU
		{C4E1D944-6B6B-46DA-89A6-5E7F74C0888F}.Debug|iPhoneSimulator.ActiveCfg = Debug|Any CPU
		{C4E1D944-6B6B-46DA-89A6-5E7F74C0888F}.Debug|iPhoneSimulator.Build.0 = Debug|Any CPU
		{C4E1D944-6B6B-46DA-89A6-5E7F74C0888F}.Debug|iPhoneSimulator.Deploy.0 = Debug|Any CPU
		{C4E1D944-6B6B-46DA-89A6-5E7F74C0888F}.Release|Any CPU.ActiveCfg = Release|Any CPU
		{C4E1D944-6B6B-46DA-89A6-5E7F74C0888F}.Release|Any CPU.Build.0 = Release|Any CPU
		{C4E1D944-6B6B-46DA-89A6-5E7F74C0888F}.Release|Any CPU.Deploy.0 = Release|Any CPU
		{C4E1D944-6B6B-46DA-89A6-5E7F74C0888F}.Release|iPhone.ActiveCfg = Release|Any CPU
		{C4E1D944-6B6B-46DA-89A6-5E7F74C0888F}.Release|iPhone.Build.0 = Release|Any CPU
		{C4E1D944-6B6B-46DA-89A6-5E7F74C0888F}.Release|iPhone.Deploy.0 = Release|Any CPU
		{C4E1D944-6B6B-46DA-89A6-5E7F74C0888F}.Release|iPhoneSimulator.ActiveCfg = Release|Any CPU
		{C4E1D944-6B6B-46DA-89A6-5E7F74C0888F}.Release|iPhoneSimulator.Build.0 = Release|Any CPU
		{C4E1D944-6B6B-46DA-89A6-5E7F74C0888F}.Release|iPhoneSimulator.Deploy.0 = Release|Any CPU
		{4EE5B449-1D58-4364-BB99-06A8D8605B3C}.Ad-Hoc|Any CPU.ActiveCfg = Release|Any CPU
		{4EE5B449-1D58-4364-BB99-06A8D8605B3C}.Ad-Hoc|Any CPU.Build.0 = Release|Any CPU
		{4EE5B449-1D58-4364-BB99-06A8D8605B3C}.Ad-Hoc|iPhone.ActiveCfg = Release|Any CPU
		{4EE5B449-1D58-4364-BB99-06A8D8605B3C}.Ad-Hoc|iPhone.Build.0 = Release|Any CPU
		{4EE5B449-1D58-4364-BB99-06A8D8605B3C}.Ad-Hoc|iPhoneSimulator.ActiveCfg = Release|Any CPU
		{4EE5B449-1D58-4364-BB99-06A8D8605B3C}.Ad-Hoc|iPhoneSimulator.Build.0 = Release|Any CPU
		{4EE5B449-1D58-4364-BB99-06A8D8605B3C}.AppStore|Any CPU.ActiveCfg = Release|Any CPU
		{4EE5B449-1D58-4364-BB99-06A8D8605B3C}.AppStore|Any CPU.Build.0 = Release|Any CPU
		{4EE5B449-1D58-4364-BB99-06A8D8605B3C}.AppStore|iPhone.ActiveCfg = Release|Any CPU
		{4EE5B449-1D58-4364-BB99-06A8D8605B3C}.AppStore|iPhone.Build.0 = Release|Any CPU
		{4EE5B449-1D58-4364-BB99-06A8D8605B3C}.AppStore|iPhoneSimulator.ActiveCfg = Release|Any CPU
		{4EE5B449-1D58-4364-BB99-06A8D8605B3C}.AppStore|iPhoneSimulator.Build.0 = Release|Any CPU
		{4EE5B449-1D58-4364-BB99-06A8D8605B3C}.Debug|Any CPU.ActiveCfg = Debug|Any CPU
		{4EE5B449-1D58-4364-BB99-06A8D8605B3C}.Debug|Any CPU.Build.0 = Debug|Any CPU
		{4EE5B449-1D58-4364-BB99-06A8D8605B3C}.Debug|iPhone.ActiveCfg = Debug|Any CPU
		{4EE5B449-1D58-4364-BB99-06A8D8605B3C}.Debug|iPhone.Build.0 = Debug|Any CPU
		{4EE5B449-1D58-4364-BB99-06A8D8605B3C}.Debug|iPhoneSimulator.ActiveCfg = Debug|Any CPU
		{4EE5B449-1D58-4364-BB99-06A8D8605B3C}.Debug|iPhoneSimulator.Build.0 = Debug|Any CPU
		{4EE5B449-1D58-4364-BB99-06A8D8605B3C}.Release|Any CPU.ActiveCfg = Release|Any CPU
		{4EE5B449-1D58-4364-BB99-06A8D8605B3C}.Release|Any CPU.Build.0 = Release|Any CPU
		{4EE5B449-1D58-4364-BB99-06A8D8605B3C}.Release|iPhone.ActiveCfg = Release|Any CPU
		{4EE5B449-1D58-4364-BB99-06A8D8605B3C}.Release|iPhone.Build.0 = Release|Any CPU
		{4EE5B449-1D58-4364-BB99-06A8D8605B3C}.Release|iPhoneSimulator.ActiveCfg = Release|Any CPU
		{4EE5B449-1D58-4364-BB99-06A8D8605B3C}.Release|iPhoneSimulator.Build.0 = Release|Any CPU
		{C62315D5-C82E-49CB-8D2F-1A9E5FB779A1}.Ad-Hoc|Any CPU.ActiveCfg = Ad-Hoc|iPhone
		{C62315D5-C82E-49CB-8D2F-1A9E5FB779A1}.Ad-Hoc|iPhone.ActiveCfg = Ad-Hoc|iPhone
		{C62315D5-C82E-49CB-8D2F-1A9E5FB779A1}.Ad-Hoc|iPhone.Build.0 = Ad-Hoc|iPhone
		{C62315D5-C82E-49CB-8D2F-1A9E5FB779A1}.Ad-Hoc|iPhoneSimulator.ActiveCfg = Ad-Hoc|iPhoneSimulator
		{C62315D5-C82E-49CB-8D2F-1A9E5FB779A1}.Ad-Hoc|iPhoneSimulator.Build.0 = Ad-Hoc|iPhoneSimulator
		{C62315D5-C82E-49CB-8D2F-1A9E5FB779A1}.AppStore|Any CPU.ActiveCfg = AppStore|iPhone
		{C62315D5-C82E-49CB-8D2F-1A9E5FB779A1}.AppStore|iPhone.ActiveCfg = AppStore|iPhone
		{C62315D5-C82E-49CB-8D2F-1A9E5FB779A1}.AppStore|iPhone.Build.0 = AppStore|iPhone
		{C62315D5-C82E-49CB-8D2F-1A9E5FB779A1}.AppStore|iPhoneSimulator.ActiveCfg = AppStore|iPhoneSimulator
		{C62315D5-C82E-49CB-8D2F-1A9E5FB779A1}.AppStore|iPhoneSimulator.Build.0 = AppStore|iPhoneSimulator
		{C62315D5-C82E-49CB-8D2F-1A9E5FB779A1}.Debug|Any CPU.ActiveCfg = Debug|iPhone
		{C62315D5-C82E-49CB-8D2F-1A9E5FB779A1}.Debug|iPhone.ActiveCfg = Debug|iPhone
		{C62315D5-C82E-49CB-8D2F-1A9E5FB779A1}.Debug|iPhone.Build.0 = Debug|iPhone
		{C62315D5-C82E-49CB-8D2F-1A9E5FB779A1}.Debug|iPhoneSimulator.ActiveCfg = Debug|iPhoneSimulator
		{C62315D5-C82E-49CB-8D2F-1A9E5FB779A1}.Debug|iPhoneSimulator.Build.0 = Debug|iPhoneSimulator
		{C62315D5-C82E-49CB-8D2F-1A9E5FB779A1}.Release|Any CPU.ActiveCfg = Release|iPhone
		{C62315D5-C82E-49CB-8D2F-1A9E5FB779A1}.Release|iPhone.ActiveCfg = Release|iPhone
		{C62315D5-C82E-49CB-8D2F-1A9E5FB779A1}.Release|iPhone.Build.0 = Release|iPhone
		{C62315D5-C82E-49CB-8D2F-1A9E5FB779A1}.Release|iPhoneSimulator.ActiveCfg = Release|iPhoneSimulator
		{C62315D5-C82E-49CB-8D2F-1A9E5FB779A1}.Release|iPhoneSimulator.Build.0 = Release|iPhoneSimulator
	EndGlobalSection
	GlobalSection(SolutionProperties) = preSolution
		HideSolutionNode = FALSE
	EndGlobalSection
	GlobalSection(ExtensibilityGlobals) = postSolution
		SolutionGuid = {8783306E-4659-43AB-A1D1-38A1267BBC00}
	EndGlobalSection
EndGlobal
